
Microsoft Visual Studio Solution File, Format Version 12.00
# Visual Studio Version 17
VisualStudioVersion = 17.11.35312.102
MinimumVisualStudioVersion = 10.0.40219.1
Project("{FAE04EC0-301F-11D3-BF4B-00C04F79EFBC}") = "Exercicio3", "Exercicio3\Exercicio3.csproj", "{75FD8F12-B233-4A6B-A7BB-381878EB11C6}"
EndProject
Global
	GlobalSection(SolutionConfigurationPlatforms) = preSolution
		Debug|Any CPU = Debug|Any CPU
		Release|Any CPU = Release|Any CPU
	EndGlobalSection
	GlobalSection(ProjectConfigurationPlatforms) = postSolution
		{75FD8F12-B233-4A6B-A7BB-381878EB11C6}.Debug|Any CPU.ActiveCfg = Debug|Any CPU
		{75FD8F12-B233-4A6B-A7BB-381878EB11C6}.Debug|Any CPU.Build.0 = Debug|Any CPU
		{75FD8F12-B233-4A6B-A7BB-381878EB11C6}.Release|Any CPU.ActiveCfg = Release|Any CPU
		{75FD8F12-B233-4A6B-A7BB-381878EB11C6}.Release|Any CPU.Build.0 = Release|Any CPU
	EndGlobalSection
	GlobalSection(SolutionProperties) = preSolution
		HideSolutionNode = FALSE
	EndGlobalSection
	GlobalSection(ExtensibilityGlobals) = postSolution
		SolutionGuid = {64AFA4E9-E8EF-437B-99DC-C91FB74B91DF}
	EndGlobalSection
EndGlobal
